<?xml version="1.0" encoding="UTF-8" standalone="yes" ?>
<CodeBlocks_project_file>
	<FileVersion major="1" minor="6" />
	<Project>
		<Option title="Critters2" />
		<Option pch_mode="2" />
		<Option compiler="gcc" />
		<Build>
			<Target title="Debug">
				<Option output="bin/Debug/Critters2" prefix_auto="1" extension_auto="1" />
				<Option object_output="obj/Debug/" />
				<Option type="1" />
				<Option compiler="gcc" />
				<Compiler>
					<Add option="-g" />
					<Add directory="src" />
				</Compiler>
			</Target>
			<Target title="Release">
				<Option output="bin/Release/Critters2" prefix_auto="1" extension_auto="1" />
				<Option object_output="obj/Release/" />
				<Option type="1" />
				<Option compiler="gcc" />
				<Compiler>
					<Add option="-O2" />
				</Compiler>
			</Target>
		</Build>
		<Compiler>
			<Add option="-Wextra" />
			<Add option="-Wall" />
			<Add option="-std=c++14" />
			<Add option="-Wpedantic" />
			<Add option="-fexceptions" />
			<Add directory="src" />
			<Add directory="win32/ncurses-mingw64/include" />
			<Add directory="win32/SDL2-2.0.4/x86_64-w64-mingw32/include" />
			<Add directory="win32/SDL2_ttf-2.0.14/x86_64-w64-mingw32/include" />
		</Compiler>
		<Linker>
			<Add library="mingw32" />
			<Add library="SDL2" />
			<Add library="SDL2_ttf" />
			<Add directory="win32/ncurses-mingw64/bin" />
			<Add directory="win32/SDL2-2.0.4/x86_64-w64-mingw32/lib" />
			<Add directory="win32/SDL2_ttf-2.0.14/x86_64-w64-mingw32/lib" />
		</Linker>
		<Unit filename="src/Bear.cpp" />
		<Unit filename="src/Bear.h" />
		<Unit filename="src/Color.h" />
		<Unit filename="src/Critter.cpp" />
		<Unit filename="src/Critter.h" />
		<Unit filename="src/Directon.h" />
		<Unit filename="src/Food.h" />
		<Unit filename="src/Lion.cpp" />
		<Unit filename="src/Lion.h" />
		<Unit filename="src/Olympian.h" />
		<Unit filename="src/Point.cpp" />
		<Unit filename="src/Point.h" />
		<Unit filename="src/Simulator.cpp" />
		<Unit filename="src/Simulator.h" />
		<Unit filename="src/Species.cpp" />
		<Unit filename="src/Species.h" />
		<Unit filename="src/Stone.h" />
		<Unit filename="src/Tiger.cpp" />
		<Unit filename="src/Tiger.h" />
		<Unit filename="src/ViewSDL.cpp" />
		<Unit filename="src/ViewSDL.h" />
		<Unit filename="src/Wombat.cpp" />
		<Unit filename="src/Wombat.h" />
		<Unit filename="src/main.cpp" />
		<Unit filename="src/sdl_clean.h" />
		<Extensions>
			<code_completion />
			<envvars />
			<debugger />
			<lib_finder disable_auto="1" />
		</Extensions>
	</Project>
</CodeBlocks_project_file>
